
Microsoft Visual Studio Solution File, Format Version 12.00
# Visual Studio 15
VisualStudioVersion = 15.0.28307.489
MinimumVisualStudioVersion = 10.0.40219.1
Project("{FAE04EC0-301F-11D3-BF4B-00C04F79EFBC}") = "DnDTable", "DnDTable\DnDTable.csproj", "{22DA9057-2274-4625-908E-9F4A82FEDEFF}"
EndProject
Project("{FAE04EC0-301F-11D3-BF4B-00C04F79EFBC}") = "DnDTableTests", "DnDTableTests\DnDTableTests.csproj", "{6B316EFD-F24B-4517-BE7C-BE58FA2BA5ED}"
EndProject
Global
	GlobalSection(SolutionConfigurationPlatforms) = preSolution
		Debug|Any CPU = Debug|Any CPU
		Release|Any CPU = Release|Any CPU
	EndGlobalSection
	GlobalSection(ProjectConfigurationPlatforms) = postSolution
		{22DA9057-2274-4625-908E-9F4A82FEDEFF}.Debug|Any CPU.ActiveCfg = Debug|Any CPU
		{22DA9057-2274-4625-908E-9F4A82FEDEFF}.Debug|Any CPU.Build.0 = Debug|Any CPU
		{22DA9057-2274-4625-908E-9F4A82FEDEFF}.Release|Any CPU.ActiveCfg = Release|Any CPU
		{22DA9057-2274-4625-908E-9F4A82FEDEFF}.Release|Any CPU.Build.0 = Release|Any CPU
		{6B316EFD-F24B-4517-BE7C-BE58FA2BA5ED}.Debug|Any CPU.ActiveCfg = Debug|Any CPU
		{6B316EFD-F24B-4517-BE7C-BE58FA2BA5ED}.Debug|Any CPU.Build.0 = Debug|Any CPU
		{6B316EFD-F24B-4517-BE7C-BE58FA2BA5ED}.Release|Any CPU.ActiveCfg = Release|Any CPU
		{6B316EFD-F24B-4517-BE7C-BE58FA2BA5ED}.Release|Any CPU.Build.0 = Release|Any CPU
	EndGlobalSection
	GlobalSection(SolutionProperties) = preSolution
		HideSolutionNode = FALSE
	EndGlobalSection
	GlobalSection(ExtensibilityGlobals) = postSolution
		SolutionGuid = {12441692-04A0-44B6-93FD-8B4B3CD5A9F5}
	EndGlobalSection
EndGlobal
